{
  "requires": true,
  "lockfileVersion": 1,
  "dependencies": {
    "tabulator-tables": {
      "version": "4.9.3",
      "resolved": "https://registry.npmjs.org/tabulator-tables/-/tabulator-tables-4.9.3.tgz",
      "integrity": "sha512-iwwQqAEGGxlgrBpcmJJvMJrfjGLcCXOB3AOb/DGkXqBy1YKoYA36hIl7qXGp6Jo8dSkzFAlDT6pKLZgyhs9OnQ=="
    }
  }
}
